
Microsoft Visual Studio Solution File, Format Version 12.00
# Visual Studio Version 17
VisualStudioVersion = 17.0.31903.59
MinimumVisualStudioVersion = 10.0.40219.1
Project("{FAE04EC0-301F-11D3-BF4B-00C04F79EFBC}") = "Portfolio", "Portfolio\Portfolio.csproj", "{5883723C-44F5-45A9-BF35-6F16874675FD}"
EndProject
Global
	GlobalSection(SolutionConfigurationPlatforms) = preSolution
		Debug|Any CPU = Debug|Any CPU
		Release|Any CPU = Release|Any CPU
	EndGlobalSection
	GlobalSection(SolutionProperties) = preSolution
		HideSolutionNode = FALSE
	EndGlobalSection
	GlobalSection(ProjectConfigurationPlatforms) = postSolution
		{5883723C-44F5-45A9-BF35-6F16874675FD}.Debug|Any CPU.ActiveCfg = Debug|Any CPU
		{5883723C-44F5-45A9-BF35-6F16874675FD}.Debug|Any CPU.Build.0 = Debug|Any CPU
		{5883723C-44F5-45A9-BF35-6F16874675FD}.Release|Any CPU.ActiveCfg = Release|Any CPU
		{5883723C-44F5-45A9-BF35-6F16874675FD}.Release|Any CPU.Build.0 = Release|Any CPU
	EndGlobalSection
EndGlobal
